# @generated by Move, please check-in and do not edit manually.

[move]
version = 2
manifest_digest = "B3C7E4A8F2C02CC3F92EAD73ED775A1575B07F14D33E8AB9F227A0FC02C0162D"
deps_digest = "F8BBB0CCB2491CA29A3DF03D6F92277A4F3574266507ACD77214D37ECA3F3082"
dependencies = [
  { name = "Sui" },
]

[[move.package]]
name = "MoveStdlib"
source = { git = "https://github.com/MystenLabs/sui.git", rev = "testnet-v1.26.0", subdir = "crates/sui-framework/packages/move-stdlib" }

[[move.package]]
name = "Sui"
source = { git = "https://github.com/MystenLabs/sui.git", rev = "testnet-v1.26.0", subdir = "crates/sui-framework/packages/sui-framework" }

dependencies = [
  { name = "MoveStdlib" },
]

[move.toolchain-version]
compiler-version = "1.26.0"
edition = "2024.beta"
flavor = "sui"

[env]

[env.devnet]
chain-id = "bd665407"
original-published-id = "0x8382710e5dcacef9d777855a24bb90ebc57af876211f1bd3da8ed6c6830c9e66"
latest-published-id = "0x8382710e5dcacef9d777855a24bb90ebc57af876211f1bd3da8ed6c6830c9e66"
published-version = "1"
